PODS:
  - AWSAPIGateway (2.4.1):
    - AWSCore (= 2.4.1)
  - AWSCognito (2.4.1):
    - AWSCore (= 2.4.1)
  - AWSCognitoIdentityProvider (2.4.1):
    - AWSCore (= 2.4.1)
  - AWSCore (2.4.1)
  - UICKeyChainStore (2.1.0)

DEPENDENCIES:
  - AWSAPIGateway
  - AWSCognito
  - AWSCognitoIdentityProvider
  - AWSCore
  - UICKeyChainStore

SPEC CHECKSUMS:
  AWSAPIGateway: f0849567d8491bd9a95c94caac1add5f180abdab
  AWSCognito: a57173a82505161bd1a9c8cfe393cea9b5b1f6bb
  AWSCognitoIdentityProvider: 94ba6554991dd65e214678361f1d691fe7adb528
  AWSCore: 9bfd632f04aaf12053e639d2a9120372844beb0d
  UICKeyChainStore: f1cbd42216a113f0165de1e733e62905b8823432

COCOAPODS: 0.39.0
